// !$*UTF8*$!
{
	archiveVersion = 1;
	classes = {
	};
	objectVersion = 56;
	objects = {

/* Begin PBXBuildFile section */
		8D60625F2BA2F6E400DCEE5F /* AppDelegate.swift in Sources */ = {isa = PBXBuildFile; fileRef = 8D60625E2BA2F6E400DCEE5F /* AppDelegate.swift */; };
		8D6062612BA2F6E400DCEE5F /* SceneDelegate.swift in Sources */ = {isa = PBXBuildFile; fileRef = 8D6062602BA2F6E400DCEE5F /* SceneDelegate.swift */; };
		8D6062632BA2F6E400DCEE5F /* HomeView.swift in Sources */ = {isa = PBXBuildFile; fileRef = 8D6062622BA2F6E400DCEE5F /* HomeView.swift */; };
		8D6062682BA2F6E700DCEE5F /* Assets.xcassets in Resources */ = {isa = PBXBuildFile; fileRef = 8D6062672BA2F6E700DCEE5F /* Assets.xcassets */; };
		8D60626B2BA2F6E700DCEE5F /* LaunchScreen.storyboard in Resources */ = {isa = PBXBuildFile; fileRef = 8D6062692BA2F6E700DCEE5F /* LaunchScreen.storyboard */; };
		8D6062782BA2FA2800DCEE5F /* HomeViewModel.swift in Sources */ = {isa = PBXBuildFile; fileRef = 8D6062772BA2FA2800DCEE5F /* HomeViewModel.swift */; };
		8D60627A2BA2FA5D00DCEE5F /* Model.swift in Sources */ = {isa = PBXBuildFile; fileRef = 8D6062792BA2FA5D00DCEE5F /* Model.swift */; };
		8D60627E2BA2FC0B00DCEE5F /* UIColor+Ext.swift in Sources */ = {isa = PBXBuildFile; fileRef = 8D60627D2BA2FC0B00DCEE5F /* UIColor+Ext.swift */; };
		8D6062802BA2FC3600DCEE5F /* NetworkManager.swift in Sources */ = {isa = PBXBuildFile; fileRef = 8D60627F2BA2FC3600DCEE5F /* NetworkManager.swift */; };
		8D6062822BA2FC4800DCEE5F /* Endpoint.swift in Sources */ = {isa = PBXBuildFile; fileRef = 8D6062812BA2FC4800DCEE5F /* Endpoint.swift */; };
		8D6062852BA3DDB600DCEE5F /* CustomCell.swift in Sources */ = {isa = PBXBuildFile; fileRef = 8D6062842BA3DDB600DCEE5F /* CustomCell.swift */; };
/* End PBXBuildFile section */

/* Begin PBXFileReference section */
		8D60625B2BA2F6E400DCEE5F /* ShopSwift.app */ = {isa = PBXFileReference; explicitFileType = wrapper.application; includeInIndex = 0; path = ShopSwift.app; sourceTree = BUILT_PRODUCTS_DIR; };
		8D60625E2BA2F6E400DCEE5F /* AppDelegate.swift */ = {isa = PBXFileReference; lastKnownFileType = sourcecode.swift; path = AppDelegate.swift; sourceTree = "<group>"; };
		8D6062602BA2F6E400DCEE5F /* SceneDelegate.swift */ = {isa = PBXFileReference; lastKnownFileType = sourcecode.swift; path = SceneDelegate.swift; sourceTree = "<group>"; };
		8D6062622BA2F6E400DCEE5F /* HomeView.swift */ = {isa = PBXFileReference; lastKnownFileType = sourcecode.swift; path = HomeView.swift; sourceTree = "<group>"; };
		8D6062672BA2F6E700DCEE5F /* Assets.xcassets */ = {isa = PBXFileReference; lastKnownFileType = folder.assetcatalog; path = Assets.xcassets; sourceTree = "<group>"; };
		8D60626A2BA2F6E700DCEE5F /* Base */ = {isa = PBXFileReference; lastKnownFileType = file.storyboard; name = Base; path = Base.lproj/LaunchScreen.storyboard; sourceTree = "<group>"; };
		8D60626C2BA2F6E700DCEE5F /* Info.plist */ = {isa = PBXFileReference; lastKnownFileType = text.plist.xml; path = Info.plist; sourceTree = "<group>"; };
		8D6062772BA2FA2800DCEE5F /* HomeViewModel.swift */ = {isa = PBXFileReference; lastKnownFileType = sourcecode.swift; path = HomeViewModel.swift; sourceTree = "<group>"; };
		8D6062792BA2FA5D00DCEE5F /* Model.swift */ = {isa = PBXFileReference; lastKnownFileType = sourcecode.swift; path = Model.swift; sourceTree = "<group>"; };
		8D60627D2BA2FC0B00DCEE5F /* UIColor+Ext.swift */ = {isa = PBXFileReference; lastKnownFileType = sourcecode.swift; path = "UIColor+Ext.swift"; sourceTree = "<group>"; };
		8D60627F2BA2FC3600DCEE5F /* NetworkManager.swift */ = {isa = PBXFileReference; lastKnownFileType = sourcecode.swift; path = NetworkManager.swift; sourceTree = "<group>"; };
		8D6062812BA2FC4800DCEE5F /* Endpoint.swift */ = {isa = PBXFileReference; lastKnownFileType = sourcecode.swift; path = Endpoint.swift; sourceTree = "<group>"; };
		8D6062842BA3DDB600DCEE5F /* CustomCell.swift */ = {isa = PBXFileReference; lastKnownFileType = sourcecode.swift; path = CustomCell.swift; sourceTree = "<group>"; };
/* End PBXFileReference section */

/* Begin PBXFrameworksBuildPhase section */
		8D6062582BA2F6E400DCEE5F /* Frameworks */ = {
			isa = PBXFrameworksBuildPhase;
			buildActionMask = 2147483647;
			files = (
			);
			runOnlyForDeploymentPostprocessing = 0;
		};
/* End PBXFrameworksBuildPhase section */

/* Begin PBXGroup section */
		8D6062522BA2F6E300DCEE5F = {
			isa = PBXGroup;
			children = (
				8D60625D2BA2F6E400DCEE5F /* ShopSwift */,
				8D60625C2BA2F6E400DCEE5F /* Products */,
			);
			sourceTree = "<group>";
		};
		8D60625C2BA2F6E400DCEE5F /* Products */ = {
			isa = PBXGroup;
			children = (
				8D60625B2BA2F6E400DCEE5F /* ShopSwift.app */,
			);
			name = Products;
			sourceTree = "<group>";
		};
		8D60625D2BA2F6E400DCEE5F /* ShopSwift */ = {
			isa = PBXGroup;
			children = (
				8D6062832BA3DD9400DCEE5F /* Cell */,
				8D60627C2BA2FBE700DCEE5F /* Extensions */,
				8D60627B2BA2FBB300DCEE5F /* Service */,
				8D6062762BA2F77100DCEE5F /* Supports */,
				8D6062732BA2F73800DCEE5F /* View */,
				8D6062722BA2F72E00DCEE5F /* Model */,
				8D6062742BA2F73F00DCEE5F /* ViewModel */,
			);
			path = ShopSwift;
			sourceTree = "<group>";
		};
		8D6062722BA2F72E00DCEE5F /* Model */ = {
			isa = PBXGroup;
			children = (
				8D6062792BA2FA5D00DCEE5F /* Model.swift */,
			);
			path = Model;
			sourceTree = "<group>";
		};
		8D6062732BA2F73800DCEE5F /* View */ = {
			isa = PBXGroup;
			children = (
				8D6062622BA2F6E400DCEE5F /* HomeView.swift */,
			);
			path = View;
			sourceTree = "<group>";
		};
		8D6062742BA2F73F00DCEE5F /* ViewModel */ = {
			isa = PBXGroup;
			children = (
				8D6062772BA2FA2800DCEE5F /* HomeViewModel.swift */,
			);
			path = ViewModel;
			sourceTree = "<group>";
		};
		8D6062762BA2F77100DCEE5F /* Supports */ = {
			isa = PBXGroup;
			children = (
				8D6062602BA2F6E400DCEE5F /* SceneDelegate.swift */,
				8D60625E2BA2F6E400DCEE5F /* AppDelegate.swift */,
				8D6062672BA2F6E700DCEE5F /* Assets.xcassets */,
				8D6062692BA2F6E700DCEE5F /* LaunchScreen.storyboard */,
				8D60626C2BA2F6E700DCEE5F /* Info.plist */,
			);
			name = Supports;
			sourceTree = "<group>";
		};
		8D60627B2BA2FBB300DCEE5F /* Service */ = {
			isa = PBXGroup;
			children = (
				8D60627F2BA2FC3600DCEE5F /* NetworkManager.swift */,
				8D6062812BA2FC4800DCEE5F /* Endpoint.swift */,
			);
			path = Service;
			sourceTree = "<group>";
		};
		8D60627C2BA2FBE700DCEE5F /* Extensions */ = {
			isa = PBXGroup;
			children = (
				8D60627D2BA2FC0B00DCEE5F /* UIColor+Ext.swift */,
			);
			path = Extensions;
			sourceTree = "<group>";
		};
		8D6062832BA3DD9400DCEE5F /* Cell */ = {
			isa = PBXGroup;
			children = (
				8D6062842BA3DDB600DCEE5F /* CustomCell.swift */,
			);
			path = Cell;
			sourceTree = "<group>";
		};
/* End PBXGroup section */

/* Begin PBXNativeTarget section */
		8D60625A2BA2F6E400DCEE5F /* ShopSwift */ = {
			isa = PBXNativeTarget;
			buildConfigurationList = 8D60626F2BA2F6E700DCEE5F /* Build configuration list for PBXNativeTarget "ShopSwift" */;
			buildPhases = (
				8D6062572BA2F6E400DCEE5F /* Sources */,
				8D6062582BA2F6E400DCEE5F /* Frameworks */,
				8D6062592BA2F6E400DCEE5F /* Resources */,
			);
			buildRules = (
			);
			dependencies = (
			);
			name = ShopSwift;
			productName = ShopSwift;
			productReference = 8D60625B2BA2F6E400DCEE5F /* ShopSwift.app */;
			productType = "com.apple.product-type.application";
		};
/* End PBXNativeTarget section */

/* Begin PBXProject section */
		8D6062532BA2F6E300DCEE5F /* Project object */ = {
			isa = PBXProject;
			attributes = {
				BuildIndependentTargetsInParallel = 1;
				LastSwiftUpdateCheck = 1500;
				LastUpgradeCheck = 1500;
				TargetAttributes = {
					8D60625A2BA2F6E400DCEE5F = {
						CreatedOnToolsVersion = 15.0.1;
					};
				};
			};
			buildConfigurationList = 8D6062562BA2F6E400DCEE5F /* Build configuration list for PBXProject "ShopSwift" */;
			compatibilityVersion = "Xcode 14.0";
			developmentRegion = en;
			hasScannedForEncodings = 0;
			knownRegions = (
				en,
				Base,
			);
			mainGroup = 8D6062522BA2F6E300DCEE5F;
			productRefGroup = 8D60625C2BA2F6E400DCEE5F /* Products */;
			projectDirPath = "";
			projectRoot = "";
			targets = (
				8D60625A2BA2F6E400DCEE5F /* ShopSwift */,
			);
		};
/* End PBXProject section */

/* Begin PBXResourcesBuildPhase section */
		8D6062592BA2F6E400DCEE5F /* Resources */ = {
			isa = PBXResourcesBuildPhase;
			buildActionMask = 2147483647;
			files = (
				8D60626B2BA2F6E700DCEE5F /* LaunchScreen.storyboard in Resources */,
				8D6062682BA2F6E700DCEE5F /* Assets.xcassets in Resources */,
			);
			runOnlyForDeploymentPostprocessing = 0;
		};
/* End PBXResourcesBuildPhase section */

/* Begin PBXSourcesBuildPhase section */
		8D6062572BA2F6E400DCEE5F /* Sources */ = {
			isa = PBXSourcesBuildPhase;
			buildActionMask = 2147483647;
			files = (
				8D60627A2BA2FA5D00DCEE5F /* Model.swift in Sources */,
				8D6062632BA2F6E400DCEE5F /* HomeView.swift in Sources */,
				8D6062822BA2FC4800DCEE5F /* Endpoint.swift in Sources */,
				8D60625F2BA2F6E400DCEE5F /* AppDelegate.swift in Sources */,
				8D6062852BA3DDB600DCEE5F /* CustomCell.swift in Sources */,
				8D6062802BA2FC3600DCEE5F /* NetworkManager.swift in Sources */,
				8D60627E2BA2FC0B00DCEE5F /* UIColor+Ext.swift in Sources */,
				8D6062612BA2F6E400DCEE5F /* SceneDelegate.swift in Sources */,
				8D6062782BA2FA2800DCEE5F /* HomeViewModel.swift in Sources */,
			);
			runOnlyForDeploymentPostprocessing = 0;
		};
/* End PBXSourcesBuildPhase section */

/* Begin PBXVariantGroup section */
		8D6062692BA2F6E700DCEE5F /* LaunchScreen.storyboard */ = {
			isa = PBXVariantGroup;
			children = (
				8D60626A2BA2F6E700DCEE5F /* Base */,
			);
			name = LaunchScreen.storyboard;
			sourceTree = "<group>";
		};
/* End PBXVariantGroup section */

/* Begin XCBuildConfiguration section */
		8D60626D2BA2F6E700DCEE5F /* Debug */ = {
			isa = XCBuildConfiguration;
			buildSettings = {
				ALWAYS_SEARCH_USER_PATHS = NO;
				ASSETCATALOG_COMPILER_GENERATE_SWIFT_ASSET_SYMBOL_EXTENSIONS = YES;
				CLANG_ANALYZER_NONNULL = YES;
				CLANG_ANALYZER_NUMBER_OBJECT_CONVERSION = YES_AGGRESSIVE;
				CLANG_CXX_LANGUAGE_STANDARD = "gnu++20";
				CLANG_ENABLE_MODULES = YES;
				CLANG_ENABLE_OBJC_ARC = YES;
				CLANG_ENABLE_OBJC_WEAK = YES;
				CLANG_WARN_BLOCK_CAPTURE_AUTORELEASING = YES;
				CLANG_WARN_BOOL_CONVERSION = YES;
				CLANG_WARN_COMMA = YES;
				CLANG_WARN_CONSTANT_CONVERSION = YES;
				CLANG_WARN_DEPRECATED_OBJC_IMPLEMENTATIONS = YES;
				CLANG_WARN_DIRECT_OBJC_ISA_USAGE = YES_ERROR;
				CLANG_WARN_DOCUMENTATION_COMMENTS = YES;
				CLANG_WARN_EMPTY_BODY = YES;
				CLANG_WARN_ENUM_CONVERSION = YES;
				CLANG_WARN_INFINITE_RECURSION = YES;
				CLANG_WARN_INT_CONVERSION = YES;
				CLANG_WARN_NON_LITERAL_NULL_CONVERSION = YES;
				CLANG_WARN_OBJC_IMPLICIT_RETAIN_SELF = YES;
				CLANG_WARN_OBJC_LITERAL_CONVERSION = YES;
				CLANG_WARN_OBJC_ROOT_CLASS = YES_ERROR;
				CLANG_WARN_QUOTED_INCLUDE_IN_FRAMEWORK_HEADER = YES;
				CLANG_WARN_RANGE_LOOP_ANALYSIS = YES;
				CLANG_WARN_STRICT_PROTOTYPES = YES;
				CLANG_WARN_SUSPICIOUS_MOVE = YES;
				CLANG_WARN_UNGUARDED_AVAILABILITY = YES_AGGRESSIVE;
				CLANG_WARN_UNREACHABLE_CODE = YES;
				CLANG_WARN__DUPLICATE_METHOD_MATCH = YES;
				COPY_PHASE_STRIP = NO;
				DEBUG_INFORMATION_FORMAT = dwarf;
				ENABLE_STRICT_OBJC_MSGSEND = YES;
				ENABLE_TESTABILITY = YES;
				ENABLE_USER_SCRIPT_SANDBOXING = YES;
				GCC_C_LANGUAGE_STANDARD = gnu17;
				GCC_DYNAMIC_NO_PIC = NO;
				GCC_NO_COMMON_BLOCKS = YES;
				GCC_OPTIMIZATION_LEVEL = 0;
				GCC_PREPROCESSOR_DEFINITIONS = (
					"DEBUG=1",
					"$(inherited)",
				);
				GCC_WARN_64_TO_32_BIT_CONVERSION = YES;
				GCC_WARN_ABOUT_RETURN_TYPE = YES_ERROR;
				GCC_WARN_UNDECLARED_SELECTOR = YES;
				GCC_WARN_UNINITIALIZED_AUTOS = YES_AGGRESSIVE;
				GCC_WARN_UNUSED_FUNCTION = YES;
				GCC_WARN_UNUSED_VARIABLE = YES;
				IPHONEOS_DEPLOYMENT_TARGET = 17.0;
				LOCALIZATION_PREFERS_STRING_CATALOGS = YES;
				MTL_ENABLE_DEBUG_INFO = INCLUDE_SOURCE;
				MTL_FAST_MATH = YES;
				ONLY_ACTIVE_ARCH = YES;
				SDKROOT = iphoneos;
				SWIFT_ACTIVE_COMPILATION_CONDITIONS = "DEBUG $(inherited)";
				SWIFT_OPTIMIZATION_LEVEL = "-Onone";
			};
			name = Debug;
		};
		8D60626E2BA2F6E700DCEE5F /* Release */ = {
			isa = XCBuildConfiguration;
			buildSettings = {
				ALWAYS_SEARCH_USER_PATHS = NO;
				ASSETCATALOG_COMPILER_GENERATE_SWIFT_ASSET_SYMBOL_EXTENSIONS = YES;
				CLANG_ANALYZER_NONNULL = YES;
				CLANG_ANALYZER_NUMBER_OBJECT_CONVERSION = YES_AGGRESSIVE;
				CLANG_CXX_LANGUAGE_STANDARD = "gnu++20";
				CLANG_ENABLE_MODULES = YES;
				CLANG_ENABLE_OBJC_ARC = YES;
				CLANG_ENABLE_OBJC_WEAK = YES;
				CLANG_WARN_BLOCK_CAPTURE_AUTORELEASING = YES;
				CLANG_WARN_BOOL_CONVERSION = YES;
				CLANG_WARN_COMMA = YES;
				CLANG_WARN_CONSTANT_CONVERSION = YES;
				CLANG_WARN_DEPRECATED_OBJC_IMPLEMENTATIONS = YES;
				CLANG_WARN_DIRECT_OBJC_ISA_USAGE = YES_ERROR;
				CLANG_WARN_DOCUMENTATION_COMMENTS = YES;
				CLANG_WARN_EMPTY_BODY = YES;
				CLANG_WARN_ENUM_CONVERSION = YES;
				CLANG_WARN_INFINITE_RECURSION = YES;
				CLANG_WARN_INT_CONVERSION = YES;
				CLANG_WARN_NON_LITERAL_NULL_CONVERSION = YES;
				CLANG_WARN_OBJC_IMPLICIT_RETAIN_SELF = YES;
				CLANG_WARN_OBJC_LITERAL_CONVERSION = YES;
				CLANG_WARN_OBJC_ROOT_CLASS = YES_ERROR;
				CLANG_WARN_QUOTED_INCLUDE_IN_FRAMEWORK_HEADER = YES;
				CLANG_WARN_RANGE_LOOP_ANALYSIS = YES;
				CLANG_WARN_STRICT_PROTOTYPES = YES;
				CLANG_WARN_SUSPICIOUS_MOVE = YES;
				CLANG_WARN_UNGUARDED_AVAILABILITY = YES_AGGRESSIVE;
				CLANG_WARN_UNREACHABLE_CODE = YES;
				CLANG_WARN__DUPLICATE_METHOD_MATCH = YES;
				COPY_PHASE_STRIP = NO;
				DEBUG_INFORMATION_FORMAT = "dwarf-with-dsym";
				ENABLE_NS_ASSERTIONS = NO;
				ENABLE_STRICT_OBJC_MSGSEND = YES;
				ENABLE_USER_SCRIPT_SANDBOXING = YES;
				GCC_C_LANGUAGE_STANDARD = gnu17;
				GCC_NO_COMMON_BLOCKS = YES;
				GCC_WARN_64_TO_32_BIT_CONVERSION = YES;
				GCC_WARN_ABOUT_RETURN_TYPE = YES_ERROR;
				GCC_WARN_UNDECLARED_SELECTOR = YES;
				GCC_WARN_UNINITIALIZED_AUTOS = YES_AGGRESSIVE;
				GCC_WARN_UNUSED_FUNCTION = YES;
				GCC_WARN_UNUSED_VARIABLE = YES;
				IPHONEOS_DEPLOYMENT_TARGET = 17.0;
				LOCALIZATION_PREFERS_STRING_CATALOGS = YES;
				MTL_ENABLE_DEBUG_INFO = NO;
				MTL_FAST_MATH = YES;
				SDKROOT = iphoneos;
				SWIFT_COMPILATION_MODE = wholemodule;
				VALIDATE_PRODUCT = YES;
			};
			name = Release;
		};
		8D6062702BA2F6E700DCEE5F /* Debug */ = {
			isa = XCBuildConfiguration;
			buildSettings = {
				ASSETCATALOG_COMPILER_APPICON_NAME = AppIcon;
				ASSETCATALOG_COMPILER_GLOBAL_ACCENT_COLOR_NAME = AccentColor;
				CODE_SIGN_STYLE = Automatic;
				CURRENT_PROJECT_VERSION = 1;
				DEVELOPMENT_TEAM = YM66DH2MW6;
				GENERATE_INFOPLIST_FILE = YES;
				INFOPLIST_FILE = ShopSwift/Info.plist;
				INFOPLIST_KEY_UIApplicationSupportsIndirectInputEvents = YES;
				INFOPLIST_KEY_UILaunchStoryboardName = LaunchScreen;
				INFOPLIST_KEY_UIMainStoryboardFile = "";
				INFOPLIST_KEY_UISupportedInterfaceOrientations_iPad = "UIInterfaceOrientationPortrait UIInterfaceOrientationPortraitUpsideDown UIInterfaceOrientationLandscapeLeft UIInterfaceOrientationLandscapeRight";
				INFOPLIST_KEY_UISupportedInterfaceOrientations_iPhone = "UIInterfaceOrientationPortrait UIInterfaceOrientationLandscapeLeft UIInterfaceOrientationLandscapeRight";
				LD_RUNPATH_SEARCH_PATHS = (
					"$(inherited)",
					"@executable_path/Frameworks",
				);
				MARKETING_VERSION = 1.0;
				PRODUCT_BUNDLE_IDENTIFIER = com.sukrusimsek.ShopSwift;
				PRODUCT_NAME = "$(TARGET_NAME)";
				SWIFT_EMIT_LOC_STRINGS = YES;
				SWIFT_VERSION = 5.0;
				TARGETED_DEVICE_FAMILY = "1,2";
			};
			name = Debug;
		};
		8D6062712BA2F6E700DCEE5F /* Release */ = {
			isa = XCBuildConfiguration;
			buildSettings = {
				ASSETCATALOG_COMPILER_APPICON_NAME = AppIcon;
				ASSETCATALOG_COMPILER_GLOBAL_ACCENT_COLOR_NAME = AccentColor;
				CODE_SIGN_STYLE = Automatic;
				CURRENT_PROJECT_VERSION = 1;
				DEVELOPMENT_TEAM = YM66DH2MW6;
				GENERATE_INFOPLIST_FILE = YES;
				INFOPLIST_FILE = ShopSwift/Info.plist;
				INFOPLIST_KEY_UIApplicationSupportsIndirectInputEvents = YES;
				INFOPLIST_KEY_UILaunchStoryboardName = LaunchScreen;
				INFOPLIST_KEY_UIMainStoryboardFile = "";
				INFOPLIST_KEY_UISupportedInterfaceOrientations_iPad = "UIInterfaceOrientationPortrait UIInterfaceOrientationPortraitUpsideDown UIInterfaceOrientationLandscapeLeft UIInterfaceOrientationLandscapeRight";
				INFOPLIST_KEY_UISupportedInterfaceOrientations_iPhone = "UIInterfaceOrientationPortrait UIInterfaceOrientationLandscapeLeft UIInterfaceOrientationLandscapeRight";
				LD_RUNPATH_SEARCH_PATHS = (
					"$(inherited)",
					"@executable_path/Frameworks",
				);
				MARKETING_VERSION = 1.0;
				PRODUCT_BUNDLE_IDENTIFIER = com.sukrusimsek.ShopSwift;
				PRODUCT_NAME = "$(TARGET_NAME)";
				SWIFT_EMIT_LOC_STRINGS = YES;
				SWIFT_VERSION = 5.0;
				TARGETED_DEVICE_FAMILY = "1,2";
			};
			name = Release;
		};
/* End XCBuildConfiguration section */

/* Begin XCConfigurationList section */
		8D6062562BA2F6E400DCEE5F /* Build configuration list for PBXProject "ShopSwift" */ = {
			isa = XCConfigurationList;
			buildConfigurations = (
				8D60626D2BA2F6E700DCEE5F /* Debug */,
				8D60626E2BA2F6E700DCEE5F /* Release */,
			);
			defaultConfigurationIsVisible = 0;
			defaultConfigurationName = Release;
		};
		8D60626F2BA2F6E700DCEE5F /* Build configuration list for PBXNativeTarget "ShopSwift" */ = {
			isa = XCConfigurationList;
			buildConfigurations = (
				8D6062702BA2F6E700DCEE5F /* Debug */,
				8D6062712BA2F6E700DCEE5F /* Release */,
			);
			defaultConfigurationIsVisible = 0;
			defaultConfigurationName = Release;
		};
/* End XCConfigurationList section */
	};
	rootObject = 8D6062532BA2F6E300DCEE5F /* Project object */;
}
